Microsoft Visual Studio Solution File, Format Version 9.00
# SharpDevelop 2.0.0.1413
Project("{FAE04EC0-301F-11D3-BF4B-00C04F79EFBC}") = "PictureButton", "PictureButton\PictureButton.csproj", "{95A2E4B8-1DA4-438B-B6D6-60E263403F0F}"
EndProject
Project("{FAE04EC0-301F-11D3-BF4B-00C04F79EFBC}") = "PhotoPatchworkPrinter", "Application\PhotoPatchworkPrinter.csproj", "{FBAFFFC6-7EF2-4730-896D-0E7D1A68C661}"
EndProject
Global
	GlobalSection(SolutionConfigurationPlatforms) = preSolution
		Debug|Any CPU = Debug|Any CPU
		Release|Any CPU = Release|Any CPU
	EndGlobalSection
	GlobalSection(ProjectConfigurationPlatforms) = postSolution
		{95A2E4B8-1DA4-438B-B6D6-60E263403F0F}.Debug|Any CPU.Build.0 = Debug|Any CPU
		{95A2E4B8-1DA4-438B-B6D6-60E263403F0F}.Debug|Any CPU.ActiveCfg = Debug|Any CPU
		{95A2E4B8-1DA4-438B-B6D6-60E263403F0F}.Release|Any CPU.Build.0 = Release|Any CPU
		{95A2E4B8-1DA4-438B-B6D6-60E263403F0F}.Release|Any CPU.ActiveCfg = Release|Any CPU
		{FBAFFFC6-7EF2-4730-896D-0E7D1A68C661}.Debug|Any CPU.Build.0 = Debug|Any CPU
		{FBAFFFC6-7EF2-4730-896D-0E7D1A68C661}.Debug|Any CPU.ActiveCfg = Debug|Any CPU
		{FBAFFFC6-7EF2-4730-896D-0E7D1A68C661}.Release|Any CPU.Build.0 = Release|Any CPU
		{FBAFFFC6-7EF2-4730-896D-0E7D1A68C661}.Release|Any CPU.ActiveCfg = Release|Any CPU
	EndGlobalSection
EndGlobal
